
Microsoft Visual Studio Solution File, Format Version 12.00
# Visual Studio Version 17
VisualStudioVersion = 17.4.33205.214
MinimumVisualStudioVersion = 10.0.40219.1
Project("{FAE04EC0-301F-11D3-BF4B-00C04F79EFBC}") = "BolashaqWebApp", "BolashaqWebApp\BolashaqWebApp.csproj", "{AEB4B7FB-BCA0-474E-B15B-556A19CDAA8F}"
EndProject
Global
	GlobalSection(SolutionConfigurationPlatforms) = preSolution
		Debug|Any CPU = Debug|Any CPU
		Release|Any CPU = Release|Any CPU
	EndGlobalSection
	GlobalSection(ProjectConfigurationPlatforms) = postSolution
		{AEB4B7FB-BCA0-474E-B15B-556A19CDAA8F}.Debug|Any CPU.ActiveCfg = Debug|Any CPU
		{AEB4B7FB-BCA0-474E-B15B-556A19CDAA8F}.Debug|Any CPU.Build.0 = Debug|Any CPU
		{AEB4B7FB-BCA0-474E-B15B-556A19CDAA8F}.Release|Any CPU.ActiveCfg = Release|Any CPU
		{AEB4B7FB-BCA0-474E-B15B-556A19CDAA8F}.Release|Any CPU.Build.0 = Release|Any CPU
	EndGlobalSection
	GlobalSection(SolutionProperties) = preSolution
		HideSolutionNode = FALSE
	EndGlobalSection
	GlobalSection(ExtensibilityGlobals) = postSolution
		SolutionGuid = {F546DAD2-54D2-454A-96B2-BAD8FEA6F014}
	EndGlobalSection
EndGlobal
